// !$*UTF8*$!
{
	archiveVersion = 1;
	classes = {
	};
	objectVersion = 77;
	objects = {

/* Begin PBXContainerItemProxy section */
		94EF2D682E43C5BC00D1024E /* PBXContainerItemProxy */ = {
			isa = PBXContainerItemProxy;
			containerPortal = 94EF2D522E43C5BA00D1024E /* Project object */;
			proxyType = 1;
			remoteGlobalIDString = 94EF2D592E43C5BA00D1024E;
			remoteInfo = AIBallz;
		};
		94EF2D722E43C5BC00D1024E /* PBXContainerItemProxy */ = {
			isa = PBXContainerItemProxy;
			containerPortal = 94EF2D522E43C5BA00D1024E /* Project object */;
			proxyType = 1;
			remoteGlobalIDString = 94EF2D592E43C5BA00D1024E;
			remoteInfo = AIBallz;
		};
/* End PBXContainerItemProxy section */

/* Begin PBXFileReference section */
		94EF2D5A2E43C5BA00D1024E /* AIBallz.app */ = {isa = PBXFileReference; explicitFileType = wrapper.application; includeInIndex = 0; path = AIBallz.app; sourceTree = BUILT_PRODUCTS_DIR; };
		94EF2D672E43C5BC00D1024E /* AIBallzTests.xctest */ = {isa = PBXFileReference; explicitFileType = wrapper.cfbundle; includeInIndex = 0; path = AIBallzTests.xctest; sourceTree = BUILT_PRODUCTS_DIR; };
		94EF2D712E43C5BC00D1024E /* AIBallzUITests.xctest */ = {isa = PBXFileReference; explicitFileType = wrapper.cfbundle; includeInIndex = 0; path = AIBallzUITests.xctest; sourceTree = BUILT_PRODUCTS_DIR; };
/* End PBXFileReference section */

/* Begin PBXFileSystemSynchronizedBuildFileExceptionSet section */
		944412FE2E48869B0065669B /* Exceptions for "AIBallz" folder in "AIBallz" target */ = {
			isa = PBXFileSystemSynchronizedBuildFileExceptionSet;
			membershipExceptions = (
				Info.plist,
			);
			target = 94EF2D592E43C5BA00D1024E /* AIBallz */;
		};
/* End PBXFileSystemSynchronizedBuildFileExceptionSet section */

/* Begin PBXFileSystemSynchronizedRootGroup section */
		94EF2D5C2E43C5BA00D1024E /* AIBallz */ = {
			isa = PBXFileSystemSynchronizedRootGroup;
			exceptions = (
				944412FE2E48869B0065669B /* Exceptions for "AIBallz" folder in "AIBallz" target */,
			);
			path = AIBallz;
			sourceTree = "<group>";
		};
		94EF2D6A2E43C5BC00D1024E /* AIBallzTests */ = {
			isa = PBXFileSystemSynchronizedRootGroup;
			path = AIBallzTests;
			sourceTree = "<group>";
		};
		94EF2D742E43C5BC00D1024E /* AIBallzUITests */ = {
			isa = PBXFileSystemSynchronizedRootGroup;
			path = AIBallzUITests;
			sourceTree = "<group>";
		};
/* End PBXFileSystemSynchronizedRootGroup section */

/* Begin PBXFrameworksBuildPhase section */
		94EF2D572E43C5BA00D1024E /* Frameworks */ = {
			isa = PBXFrameworksBuildPhase;
			buildActionMask = 2147483647;
			files = (
			);
			runOnlyForDeploymentPostprocessing = 0;
		};
		94EF2D642E43C5BC00D1024E /* Frameworks */ = {
			isa = PBXFrameworksBuildPhase;
			buildActionMask = 2147483647;
			files = (
			);
			runOnlyForDeploymentPostprocessing = 0;
		};
		94EF2D6E2E43C5BC00D1024E /* Frameworks */ = {
			isa = PBXFrameworksBuildPhase;
			buildActionMask = 2147483647;
			files = (
			);
			runOnlyForDeploymentPostprocessing = 0;
		};
/* End PBXFrameworksBuildPhase section */

/* Begin PBXGroup section */
		94EF2D512E43C5BA00D1024E = {
			isa = PBXGroup;
			children = (
				94EF2D5C2E43C5BA00D1024E /* AIBallz */,
				94EF2D6A2E43C5BC00D1024E /* AIBallzTests */,
				94EF2D742E43C5BC00D1024E /* AIBallzUITests */,
				94EF2D5B2E43C5BA00D1024E /* Products */,
			);
			sourceTree = "<group>";
		};
		94EF2D5B2E43C5BA00D1024E /* Products */ = {
			isa = PBXGroup;
			children = (
				94EF2D5A2E43C5BA00D1024E /* AIBallz.app */,
				94EF2D672E43C5BC00D1024E /* AIBallzTests.xctest */,
				94EF2D712E43C5BC00D1024E /* AIBallzUITests.xctest */,
			);
			name = Products;
			sourceTree = "<group>";
		};
/* End PBXGroup section */

/* Begin PBXNativeTarget section */
		94EF2D592E43C5BA00D1024E /* AIBallz */ = {
			isa = PBXNativeTarget;
			buildConfigurationList = 94EF2D7B2E43C5BC00D1024E /* Build configuration list for PBXNativeTarget "AIBallz" */;
			buildPhases = (
				94EF2D562E43C5BA00D1024E /* Sources */,
				94EF2D572E43C5BA00D1024E /* Frameworks */,
				94EF2D582E43C5BA00D1024E /* Resources */,
			);
			buildRules = (
			);
			dependencies = (
			);
			fileSystemSynchronizedGroups = (
				94EF2D5C2E43C5BA00D1024E /* AIBallz */,
			);
			name = AIBallz;
			packageProductDependencies = (
			);
			productName = AIBallz;
			productReference = 94EF2D5A2E43C5BA00D1024E /* AIBallz.app */;
			productType = "com.apple.product-type.application";
		};
		94EF2D662E43C5BC00D1024E /* AIBallzTests */ = {
			isa = PBXNativeTarget;
			buildConfigurationList = 94EF2D7E2E43C5BC00D1024E /* Build configuration list for PBXNativeTarget "AIBallzTests" */;
			buildPhases = (
				94EF2D632E43C5BC00D1024E /* Sources */,
				94EF2D642E43C5BC00D1024E /* Frameworks */,
				94EF2D652E43C5BC00D1024E /* Resources */,
			);
			buildRules = (
			);
			dependencies = (
				94EF2D692E43C5BC00D1024E /* PBXTargetDependency */,
			);
			fileSystemSynchronizedGroups = (
				94EF2D6A2E43C5BC00D1024E /* AIBallzTests */,
			);
			name = AIBallzTests;
			packageProductDependencies = (
			);
			productName = AIBallzTests;
			productReference = 94EF2D672E43C5BC00D1024E /* AIBallzTests.xctest */;
			productType = "com.apple.product-type.bundle.unit-test";
		};
		94EF2D702E43C5BC00D1024E /* AIBallzUITests */ = {
			isa = PBXNativeTarget;
			buildConfigurationList = 94EF2D812E43C5BC00D1024E /* Build configuration list for PBXNativeTarget "AIBallzUITests" */;
			buildPhases = (
				94EF2D6D2E43C5BC00D1024E /* Sources */,
				94EF2D6E2E43C5BC00D1024E /* Frameworks */,
				94EF2D6F2E43C5BC00D1024E /* Resources */,
			);
			buildRules = (
			);
			dependencies = (
				94EF2D732E43C5BC00D1024E /* PBXTargetDependency */,
			);
			fileSystemSynchronizedGroups = (
				94EF2D742E43C5BC00D1024E /* AIBallzUITests */,
			);
			name = AIBallzUITests;
			packageProductDependencies = (
			);
			productName = AIBallzUITests;
			productReference = 94EF2D712E43C5BC00D1024E /* AIBallzUITests.xctest */;
			productType = "com.apple.product-type.bundle.ui-testing";
		};
/* End PBXNativeTarget section */

/* Begin PBXProject section */
		94EF2D522E43C5BA00D1024E /* Project object */ = {
			isa = PBXProject;
			attributes = {
				BuildIndependentTargetsInParallel = 1;
				LastSwiftUpdateCheck = 1640;
				LastUpgradeCheck = 1640;
				TargetAttributes = {
					94EF2D592E43C5BA00D1024E = {
						CreatedOnToolsVersion = 16.4;
					};
					94EF2D662E43C5BC00D1024E = {
						CreatedOnToolsVersion = 16.4;
						TestTargetID = 94EF2D592E43C5BA00D1024E;
					};
					94EF2D702E43C5BC00D1024E = {
						CreatedOnToolsVersion = 16.4;
						TestTargetID = 94EF2D592E43C5BA00D1024E;
					};
				};
			};
			buildConfigurationList = 94EF2D552E43C5BA00D1024E /* Build configuration list for PBXProject "AIBallz" */;
			developmentRegion = en;
			hasScannedForEncodings = 0;
			knownRegions = (
				en,
				Base,
			);
			mainGroup = 94EF2D512E43C5BA00D1024E;
			minimizedProjectReferenceProxies = 1;
			preferredProjectObjectVersion = 77;
			productRefGroup = 94EF2D5B2E43C5BA00D1024E /* Products */;
			projectDirPath = "";
			projectRoot = "";
			targets = (
				94EF2D592E43C5BA00D1024E /* AIBallz */,
				94EF2D662E43C5BC00D1024E /* AIBallzTests */,
				94EF2D702E43C5BC00D1024E /* AIBallzUITests */,
			);
		};
/* End PBXProject section */

/* Begin PBXResourcesBuildPhase section */
		94EF2D582E43C5BA00D1024E /* Resources */ = {
			isa = PBXResourcesBuildPhase;
			buildActionMask = 2147483647;
			files = (
			);
			runOnlyForDeploymentPostprocessing = 0;
		};
		94EF2D652E43C5BC00D1024E /* Resources */ = {
			isa = PBXResourcesBuildPhase;
			buildActionMask = 2147483647;
			files = (
			);
			runOnlyForDeploymentPostprocessing = 0;
		};
		94EF2D6F2E43C5BC00D1024E /* Resources */ = {
			isa = PBXResourcesBuildPhase;
			buildActionMask = 2147483647;
			files = (
			);
			runOnlyForDeploymentPostprocessing = 0;
		};
/* End PBXResourcesBuildPhase section */

/* Begin PBXSourcesBuildPhase section */
		94EF2D562E43C5BA00D1024E /* Sources */ = {
			isa = PBXSourcesBuildPhase;
			buildActionMask = 2147483647;
			files = (
			);
			runOnlyForDeploymentPostprocessing = 0;
		};
		94EF2D632E43C5BC00D1024E /* Sources */ = {
			isa = PBXSourcesBuildPhase;
			buildActionMask = 2147483647;
			files = (
			);
			runOnlyForDeploymentPostprocessing = 0;
		};
		94EF2D6D2E43C5BC00D1024E /* Sources */ = {
			isa = PBXSourcesBuildPhase;
			buildActionMask = 2147483647;
			files = (
			);
			runOnlyForDeploymentPostprocessing = 0;
		};
/* End PBXSourcesBuildPhase section */

/* Begin PBXTargetDependency section */
		94EF2D692E43C5BC00D1024E /* PBXTargetDependency */ = {
			isa = PBXTargetDependency;
			target = 94EF2D592E43C5BA00D1024E /* AIBallz */;
			targetProxy = 94EF2D682E43C5BC00D1024E /* PBXContainerItemProxy */;
		};
		94EF2D732E43C5BC00D1024E /* PBXTargetDependency */ = {
			isa = PBXTargetDependency;
			target = 94EF2D592E43C5BA00D1024E /* AIBallz */;
			targetProxy = 94EF2D722E43C5BC00D1024E /* PBXContainerItemProxy */;
		};
/* End PBXTargetDependency section */

/* Begin XCBuildConfiguration section */
		94EF2D792E43C5BC00D1024E /* Debug */ = {
			isa = XCBuildConfiguration;
			buildSettings = {
				ALWAYS_SEARCH_USER_PATHS = NO;
				ASSETCATALOG_COMPILER_GENERATE_SWIFT_ASSET_SYMBOL_EXTENSIONS = YES;
				CLANG_ANALYZER_NONNULL = YES;
				CLANG_ANALYZER_NUMBER_OBJECT_CONVERSION = YES_AGGRESSIVE;
				CLANG_CXX_LANGUAGE_STANDARD = "gnu++20";
				CLANG_ENABLE_MODULES = YES;
				CLANG_ENABLE_OBJC_ARC = YES;
				CLANG_ENABLE_OBJC_WEAK = YES;
				CLANG_WARN_BLOCK_CAPTURE_AUTORELEASING = YES;
				CLANG_WARN_BOOL_CONVERSION = YES;
				CLANG_WARN_COMMA = YES;
				CLANG_WARN_CONSTANT_CONVERSION = YES;
				CLANG_WARN_DEPRECATED_OBJC_IMPLEMENTATIONS = YES;
				CLANG_WARN_DIRECT_OBJC_ISA_USAGE = YES_ERROR;
				CLANG_WARN_DOCUMENTATION_COMMENTS = YES;
				CLANG_WARN_EMPTY_BODY = YES;
				CLANG_WARN_ENUM_CONVERSION = YES;
				CLANG_WARN_INFINITE_RECURSION = YES;
				CLANG_WARN_INT_CONVERSION = YES;
				CLANG_WARN_NON_LITERAL_NULL_CONVERSION = YES;
				CLANG_WARN_OBJC_IMPLICIT_RETAIN_SELF = YES;
				CLANG_WARN_OBJC_LITERAL_CONVERSION = YES;
				CLANG_WARN_OBJC_ROOT_CLASS = YES_ERROR;
				CLANG_WARN_QUOTED_INCLUDE_IN_FRAMEWORK_HEADER = YES;
				CLANG_WARN_RANGE_LOOP_ANALYSIS = YES;
				CLANG_WARN_STRICT_PROTOTYPES = YES;
				CLANG_WARN_SUSPICIOUS_MOVE = YES;
				CLANG_WARN_UNGUARDED_AVAILABILITY = YES_AGGRESSIVE;
				CLANG_WARN_UNREACHABLE_CODE = YES;
				CLANG_WARN__DUPLICATE_METHOD_MATCH = YES;
				COPY_PHASE_STRIP = NO;
				DEBUG_INFORMATION_FORMAT = dwarf;
				DEVELOPMENT_TEAM = 3VXLDG394F;
				ENABLE_STRICT_OBJC_MSGSEND = YES;
				ENABLE_TESTABILITY = YES;
				ENABLE_USER_SCRIPT_SANDBOXING = YES;
				GCC_C_LANGUAGE_STANDARD = gnu17;
				GCC_DYNAMIC_NO_PIC = NO;
				GCC_NO_COMMON_BLOCKS = YES;
				GCC_OPTIMIZATION_LEVEL = 0;
				GCC_PREPROCESSOR_DEFINITIONS = (
					"DEBUG=1",
					"$(inherited)",
				);
				GCC_WARN_64_TO_32_BIT_CONVERSION = YES;
				GCC_WARN_ABOUT_RETURN_TYPE = YES_ERROR;
				GCC_WARN_UNDECLARED_SELECTOR = YES;
				GCC_WARN_UNINITIALIZED_AUTOS = YES_AGGRESSIVE;
				GCC_WARN_UNUSED_FUNCTION = YES;
				GCC_WARN_UNUSED_VARIABLE = YES;
				IPHONEOS_DEPLOYMENT_TARGET = 18.5;
				LOCALIZATION_PREFERS_STRING_CATALOGS = YES;
				MTL_ENABLE_DEBUG_INFO = INCLUDE_SOURCE;
				MTL_FAST_MATH = YES;
				ONLY_ACTIVE_ARCH = YES;
				SDKROOT = iphoneos;
				SWIFT_ACTIVE_COMPILATION_CONDITIONS = "DEBUG $(inherited)";
				SWIFT_OPTIMIZATION_LEVEL = "-Onone";
			};
			name = Debug;
		};
		94EF2D7A2E43C5BC00D1024E /* Release */ = {
			isa = XCBuildConfiguration;
			buildSettings = {
				ALWAYS_SEARCH_USER_PATHS = NO;
				ASSETCATALOG_COMPILER_GENERATE_SWIFT_ASSET_SYMBOL_EXTENSIONS = YES;
				CLANG_ANALYZER_NONNULL = YES;
				CLANG_ANALYZER_NUMBER_OBJECT_CONVERSION = YES_AGGRESSIVE;
				CLANG_CXX_LANGUAGE_STANDARD = "gnu++20";
				CLANG_ENABLE_MODULES = YES;
				CLANG_ENABLE_OBJC_ARC = YES;
				CLANG_ENABLE_OBJC_WEAK = YES;
				CLANG_WARN_BLOCK_CAPTURE_AUTORELEASING = YES;
				CLANG_WARN_BOOL_CONVERSION = YES;
				CLANG_WARN_COMMA = YES;
				CLANG_WARN_CONSTANT_CONVERSION = YES;
				CLANG_WARN_DEPRECATED_OBJC_IMPLEMENTATIONS = YES;
				CLANG_WARN_DIRECT_OBJC_ISA_USAGE = YES_ERROR;
				CLANG_WARN_DOCUMENTATION_COMMENTS = YES;
				CLANG_WARN_EMPTY_BODY = YES;
				CLANG_WARN_ENUM_CONVERSION = YES;
				CLANG_WARN_INFINITE_RECURSION = YES;
				CLANG_WARN_INT_CONVERSION = YES;
				CLANG_WARN_NON_LITERAL_NULL_CONVERSION = YES;
				CLANG_WARN_OBJC_IMPLICIT_RETAIN_SELF = YES;
				CLANG_WARN_OBJC_LITERAL_CONVERSION = YES;
				CLANG_WARN_OBJC_ROOT_CLASS = YES_ERROR;
				CLANG_WARN_QUOTED_INCLUDE_IN_FRAMEWORK_HEADER = YES;
				CLANG_WARN_RANGE_LOOP_ANALYSIS = YES;
				CLANG_WARN_STRICT_PROTOTYPES = YES;
				CLANG_WARN_SUSPICIOUS_MOVE = YES;
				CLANG_WARN_UNGUARDED_AVAILABILITY = YES_AGGRESSIVE;
				CLANG_WARN_UNREACHABLE_CODE = YES;
				CLANG_WARN__DUPLICATE_METHOD_MATCH = YES;
				COPY_PHASE_STRIP = NO;
				DEBUG_INFORMATION_FORMAT = "dwarf-with-dsym";
				DEVELOPMENT_TEAM = 3VXLDG394F;
				ENABLE_NS_ASSERTIONS = NO;
				ENABLE_STRICT_OBJC_MSGSEND = YES;
				ENABLE_USER_SCRIPT_SANDBOXING = YES;
				GCC_C_LANGUAGE_STANDARD = gnu17;
				GCC_NO_COMMON_BLOCKS = YES;
				GCC_WARN_64_TO_32_BIT_CONVERSION = YES;
				GCC_WARN_ABOUT_RETURN_TYPE = YES_ERROR;
				GCC_WARN_UNDECLARED_SELECTOR = YES;
				GCC_WARN_UNINITIALIZED_AUTOS = YES_AGGRESSIVE;
				GCC_WARN_UNUSED_FUNCTION = YES;
				GCC_WARN_UNUSED_VARIABLE = YES;
				IPHONEOS_DEPLOYMENT_TARGET = 18.5;
				LOCALIZATION_PREFERS_STRING_CATALOGS = YES;
				MTL_ENABLE_DEBUG_INFO = NO;
				MTL_FAST_MATH = YES;
				SDKROOT = iphoneos;
				SWIFT_COMPILATION_MODE = wholemodule;
				VALIDATE_PRODUCT = YES;
			};
			name = Release;
		};
		94EF2D7C2E43C5BC00D1024E /* Debug */ = {
			isa = XCBuildConfiguration;
			buildSettings = {
				ASSETCATALOG_COMPILER_APPICON_NAME = AppIcon;
				ASSETCATALOG_COMPILER_GLOBAL_ACCENT_COLOR_NAME = AccentColor;
				CODE_SIGN_STYLE = Automatic;
				CURRENT_PROJECT_VERSION = 1;
				DEVELOPMENT_TEAM = 3VXLDG394F;
				ENABLE_PREVIEWS = YES;
				GENERATE_INFOPLIST_FILE = YES;
				INFOPLIST_FILE = AIBallz/Info.plist;
				INFOPLIST_KEY_CFBundleDisplayName = HoopVision;
				INFOPLIST_KEY_NSCameraUsageDescription = "Camera access is required to record and analyze your basketball shots for form feedback.";
				INFOPLIST_KEY_NSPhotoLibraryUsageDescription = "Photo library access is required to upload existing videos for shot analysis.";
				INFOPLIST_KEY_UIApplicationSceneManifest_Generation = YES;
				INFOPLIST_KEY_UIApplicationSupportsIndirectInputEvents = YES;
				INFOPLIST_KEY_UILaunchScreen_Generation = YES;
				INFOPLIST_KEY_UISupportedInterfaceOrientations_iPad = "UIInterfaceOrientationPortrait UIInterfaceOrientationPortraitUpsideDown UIInterfaceOrientationLandscapeLeft UIInterfaceOrientationLandscapeRight";
				INFOPLIST_KEY_UISupportedInterfaceOrientations_iPhone = "UIInterfaceOrientationPortrait UIInterfaceOrientationLandscapeLeft UIInterfaceOrientationLandscapeRight";
				IPHONEOS_DEPLOYMENT_TARGET = 18.0;
				LD_RUNPATH_SEARCH_PATHS = (
					"$(inherited)",
					"@executable_path/Frameworks",
				);
				MARKETING_VERSION = 1.0;
				PRODUCT_BUNDLE_IDENTIFIER = com.example.ASharifov.AIBallz;
				PRODUCT_NAME = "$(TARGET_NAME)";
				SWIFT_EMIT_LOC_STRINGS = YES;
				SWIFT_VERSION = 5.0;
				TARGETED_DEVICE_FAMILY = "1,2";
			};
			name = Debug;
		};
		94EF2D7D2E43C5BC00D1024E /* Release */ = {
			isa = XCBuildConfiguration;
			buildSettings = {
				ASSETCATALOG_COMPILER_APPICON_NAME = AppIcon;
				ASSETCATALOG_COMPILER_GLOBAL_ACCENT_COLOR_NAME = AccentColor;
				CODE_SIGN_STYLE = Automatic;
				CURRENT_PROJECT_VERSION = 1;
				DEVELOPMENT_TEAM = 3VXLDG394F;
				ENABLE_PREVIEWS = YES;
				GENERATE_INFOPLIST_FILE = YES;
				INFOPLIST_FILE = AIBallz/Info.plist;
				INFOPLIST_KEY_CFBundleDisplayName = HoopVision;
				INFOPLIST_KEY_NSCameraUsageDescription = "Camera access is required to record and analyze your basketball shots for form feedback.";
				INFOPLIST_KEY_NSPhotoLibraryUsageDescription = "Photo library access is required to upload existing videos for shot analysis.";
				INFOPLIST_KEY_UIApplicationSceneManifest_Generation = YES;
				INFOPLIST_KEY_UIApplicationSupportsIndirectInputEvents = YES;
				INFOPLIST_KEY_UILaunchScreen_Generation = YES;
				INFOPLIST_KEY_UISupportedInterfaceOrientations_iPad = "UIInterfaceOrientationPortrait UIInterfaceOrientationPortraitUpsideDown UIInterfaceOrientationLandscapeLeft UIInterfaceOrientationLandscapeRight";
				INFOPLIST_KEY_UISupportedInterfaceOrientations_iPhone = "UIInterfaceOrientationPortrait UIInterfaceOrientationLandscapeLeft UIInterfaceOrientationLandscapeRight";
				IPHONEOS_DEPLOYMENT_TARGET = 18.0;
				LD_RUNPATH_SEARCH_PATHS = (
					"$(inherited)",
					"@executable_path/Frameworks",
				);
				MARKETING_VERSION = 1.0;
				PRODUCT_BUNDLE_IDENTIFIER = com.example.ASharifov.AIBallz;
				PRODUCT_NAME = "$(TARGET_NAME)";
				SWIFT_EMIT_LOC_STRINGS = YES;
				SWIFT_VERSION = 5.0;
				TARGETED_DEVICE_FAMILY = "1,2";
			};
			name = Release;
		};
		94EF2D7F2E43C5BC00D1024E /* Debug */ = {
			isa = XCBuildConfiguration;
			buildSettings = {
				BUNDLE_LOADER = "$(TEST_HOST)";
				CODE_SIGN_STYLE = Automatic;
				CURRENT_PROJECT_VERSION = 1;
				DEVELOPMENT_TEAM = 3VXLDG394F;
				GENERATE_INFOPLIST_FILE = YES;
				IPHONEOS_DEPLOYMENT_TARGET = 18.5;
				MARKETING_VERSION = 1.0;
				PRODUCT_BUNDLE_IDENTIFIER = com.example.ASharifov.AIBallzTests;
				PRODUCT_NAME = "$(TARGET_NAME)";
				SWIFT_EMIT_LOC_STRINGS = NO;
				SWIFT_VERSION = 5.0;
				TARGETED_DEVICE_FAMILY = "1,2";
				TEST_HOST = "$(BUILT_PRODUCTS_DIR)/AIBallz.app/$(BUNDLE_EXECUTABLE_FOLDER_PATH)/AIBallz";
			};
			name = Debug;
		};
		94EF2D802E43C5BC00D1024E /* Release */ = {
			isa = XCBuildConfiguration;
			buildSettings = {
				BUNDLE_LOADER = "$(TEST_HOST)";
				CODE_SIGN_STYLE = Automatic;
				CURRENT_PROJECT_VERSION = 1;
				DEVELOPMENT_TEAM = 3VXLDG394F;
				GENERATE_INFOPLIST_FILE = YES;
				IPHONEOS_DEPLOYMENT_TARGET = 18.5;
				MARKETING_VERSION = 1.0;
				PRODUCT_BUNDLE_IDENTIFIER = com.example.ASharifov.AIBallzTests;
				PRODUCT_NAME = "$(TARGET_NAME)";
				SWIFT_EMIT_LOC_STRINGS = NO;
				SWIFT_VERSION = 5.0;
				TARGETED_DEVICE_FAMILY = "1,2";
				TEST_HOST = "$(BUILT_PRODUCTS_DIR)/AIBallz.app/$(BUNDLE_EXECUTABLE_FOLDER_PATH)/AIBallz";
			};
			name = Release;
		};
		94EF2D822E43C5BC00D1024E /* Debug */ = {
			isa = XCBuildConfiguration;
			buildSettings = {
				CODE_SIGN_STYLE = Automatic;
				CURRENT_PROJECT_VERSION = 1;
				DEVELOPMENT_TEAM = 3VXLDG394F;
				GENERATE_INFOPLIST_FILE = YES;
				MARKETING_VERSION = 1.0;
				PRODUCT_BUNDLE_IDENTIFIER = com.example.ASharifov.AIBallzUITests;
				PRODUCT_NAME = "$(TARGET_NAME)";
				SWIFT_EMIT_LOC_STRINGS = NO;
				SWIFT_VERSION = 5.0;
				TARGETED_DEVICE_FAMILY = "1,2";
				TEST_TARGET_NAME = AIBallz;
			};
			name = Debug;
		};
		94EF2D832E43C5BC00D1024E /* Release */ = {
			isa = XCBuildConfiguration;
			buildSettings = {
				CODE_SIGN_STYLE = Automatic;
				CURRENT_PROJECT_VERSION = 1;
				DEVELOPMENT_TEAM = 3VXLDG394F;
				GENERATE_INFOPLIST_FILE = YES;
				MARKETING_VERSION = 1.0;
				PRODUCT_BUNDLE_IDENTIFIER = com.example.ASharifov.AIBallzUITests;
				PRODUCT_NAME = "$(TARGET_NAME)";
				SWIFT_EMIT_LOC_STRINGS = NO;
				SWIFT_VERSION = 5.0;
				TARGETED_DEVICE_FAMILY = "1,2";
				TEST_TARGET_NAME = AIBallz;
			};
			name = Release;
		};
/* End XCBuildConfiguration section */

/* Begin XCConfigurationList section */
		94EF2D552E43C5BA00D1024E /* Build configuration list for PBXProject "AIBallz" */ = {
			isa = XCConfigurationList;
			buildConfigurations = (
				94EF2D792E43C5BC00D1024E /* Debug */,
				94EF2D7A2E43C5BC00D1024E /* Release */,
			);
			defaultConfigurationIsVisible = 0;
			defaultConfigurationName = Release;
		};
		94EF2D7B2E43C5BC00D1024E /* Build configuration list for PBXNativeTarget "AIBallz" */ = {
			isa = XCConfigurationList;
			buildConfigurations = (
				94EF2D7C2E43C5BC00D1024E /* Debug */,
				94EF2D7D2E43C5BC00D1024E /* Release */,
			);
			defaultConfigurationIsVisible = 0;
			defaultConfigurationName = Release;
		};
		94EF2D7E2E43C5BC00D1024E /* Build configuration list for PBXNativeTarget "AIBallzTests" */ = {
			isa = XCConfigurationList;
			buildConfigurations = (
				94EF2D7F2E43C5BC00D1024E /* Debug */,
				94EF2D802E43C5BC00D1024E /* Release */,
			);
			defaultConfigurationIsVisible = 0;
			defaultConfigurationName = Release;
		};
		94EF2D812E43C5BC00D1024E /* Build configuration list for PBXNativeTarget "AIBallzUITests" */ = {
			isa = XCConfigurationList;
			buildConfigurations = (
				94EF2D822E43C5BC00D1024E /* Debug */,
				94EF2D832E43C5BC00D1024E /* Release */,
			);
			defaultConfigurationIsVisible = 0;
			defaultConfigurationName = Release;
		};
/* End XCConfigurationList section */
	};
	rootObject = 94EF2D522E43C5BA00D1024E /* Project object */;
}
